
Microsoft Visual Studio Solution File, Format Version 12.00
# Visual Studio Version 17
VisualStudioVersion = 17.2.32516.85
MinimumVisualStudioVersion = 10.0.40219.1
Project("{FAE04EC0-301F-11D3-BF4B-00C04F79EFBC}") = "BasicITSchool-Stage-4", "BasicITSchool-Stage-4\BasicITSchool-Stage-4.csproj", "{8A4276F6-A3D7-4804-A236-78F5C6D8963E}"
EndProject
Global
	GlobalSection(SolutionConfigurationPlatforms) = preSolution
		Debug|Any CPU = Debug|Any CPU
		Release|Any CPU = Release|Any CPU
	EndGlobalSection
	GlobalSection(ProjectConfigurationPlatforms) = postSolution
		{8A4276F6-A3D7-4804-A236-78F5C6D8963E}.Debug|Any CPU.ActiveCfg = Debug|Any CPU
		{8A4276F6-A3D7-4804-A236-78F5C6D8963E}.Debug|Any CPU.Build.0 = Debug|Any CPU
		{8A4276F6-A3D7-4804-A236-78F5C6D8963E}.Release|Any CPU.ActiveCfg = Release|Any CPU
		{8A4276F6-A3D7-4804-A236-78F5C6D8963E}.Release|Any CPU.Build.0 = Release|Any CPU
	EndGlobalSection
	GlobalSection(SolutionProperties) = preSolution
		HideSolutionNode = FALSE
	EndGlobalSection
	GlobalSection(ExtensibilityGlobals) = postSolution
		SolutionGuid = {5D3E5933-D638-4822-BAE4-DD89A61256C9}
	EndGlobalSection
EndGlobal
